// !$*UTF8*$!
{
	archiveVersion = 1;
	classes = {
	};
	objectVersion = 48;
	objects = {

/* Begin PBXBuildFile section */
		48D89CDF1FAEEE6F0031E647 /* AppDelegate.swift in Sources */ = {isa = PBXBuildFile; fileRef = 48D89CDE1FAEEE6F0031E647 /* AppDelegate.swift */; };
		48D89CE11FAEEE6F0031E647 /* ViewController.swift in Sources */ = {isa = PBXBuildFile; fileRef = 48D89CE01FAEEE6F0031E647 /* ViewController.swift */; };
		48D89CE41FAEEE6F0031E647 /* Main.storyboard in Resources */ = {isa = PBXBuildFile; fileRef = 48D89CE21FAEEE6F0031E647 /* Main.storyboard */; };
		48D89CE61FAEEE6F0031E647 /* Assets.xcassets in Resources */ = {isa = PBXBuildFile; fileRef = 48D89CE51FAEEE6F0031E647 /* Assets.xcassets */; };
		48D89CE91FAEEE6F0031E647 /* LaunchScreen.storyboard in Resources */ = {isa = PBXBuildFile; fileRef = 48D89CE71FAEEE6F0031E647 /* LaunchScreen.storyboard */; };
		48D89CF11FAEF1FF0031E647 /* CollectionViewController.swift in Sources */ = {isa = PBXBuildFile; fileRef = 48D89CF01FAEF1FF0031E647 /* CollectionViewController.swift */; };
/* End PBXBuildFile section */

/* Begin PBXFileReference section */
		48D89CDB1FAEEE6F0031E647 /* Demo5.app */ = {isa = PBXFileReference; explicitFileType = wrapper.application; includeInIndex = 0; path = Demo5.app; sourceTree = BUILT_PRODUCTS_DIR; };
		48D89CDE1FAEEE6F0031E647 /* AppDelegate.swift */ = {isa = PBXFileReference; lastKnownFileType = sourcecode.swift; path = AppDelegate.swift; sourceTree = "<group>"; };
		48D89CE01FAEEE6F0031E647 /* ViewController.swift */ = {isa = PBXFileReference; lastKnownFileType = sourcecode.swift; path = ViewController.swift; sourceTree = "<group>"; };
		48D89CE31FAEEE6F0031E647 /* Base */ = {isa = PBXFileReference; lastKnownFileType = file.storyboard; name = Base; path = Base.lproj/Main.storyboard; sourceTree = "<group>"; };
		48D89CE51FAEEE6F0031E647 /* Assets.xcassets */ = {isa = PBXFileReference; lastKnownFileType = folder.assetcatalog; path = Assets.xcassets; sourceTree = "<group>"; };
		48D89CE81FAEEE6F0031E647 /* Base */ = {isa = PBXFileReference; lastKnownFileType = file.storyboard; name = Base; path = Base.lproj/LaunchScreen.storyboard; sourceTree = "<group>"; };
		48D89CEA1FAEEE6F0031E647 /* Info.plist */ = {isa = PBXFileReference; lastKnownFileType = text.plist.xml; path = Info.plist; sourceTree = "<group>"; };
		48D89CF01FAEF1FF0031E647 /* CollectionViewController.swift */ = {isa = PBXFileReference; lastKnownFileType = sourcecode.swift; path = CollectionViewController.swift; sourceTree = "<group>"; };
/* End PBXFileReference section */

/* Begin PBXFrameworksBuildPhase section */
		48D89CD81FAEEE6F0031E647 /* Frameworks */ = {
			isa = PBXFrameworksBuildPhase;
			buildActionMask = 2147483647;
			files = (
			);
			runOnlyForDeploymentPostprocessing = 0;
		};
/* End PBXFrameworksBuildPhase section */

/* Begin PBXGroup section */
		48D89CD21FAEEE6F0031E647 = {
			isa = PBXGroup;
			children = (
				48D89CDD1FAEEE6F0031E647 /* Demo5 */,
				48D89CDC1FAEEE6F0031E647 /* Products */,
			);
			sourceTree = "<group>";
		};
		48D89CDC1FAEEE6F0031E647 /* Products */ = {
			isa = PBXGroup;
			children = (
				48D89CDB1FAEEE6F0031E647 /* Demo5.app */,
			);
			name = Products;
			sourceTree = "<group>";
		};
		48D89CDD1FAEEE6F0031E647 /* Demo5 */ = {
			isa = PBXGroup;
			children = (
				48D89CDE1FAEEE6F0031E647 /* AppDelegate.swift */,
				48D89CE01FAEEE6F0031E647 /* ViewController.swift */,
				48D89CE21FAEEE6F0031E647 /* Main.storyboard */,
				48D89CE51FAEEE6F0031E647 /* Assets.xcassets */,
				48D89CE71FAEEE6F0031E647 /* LaunchScreen.storyboard */,
				48D89CEA1FAEEE6F0031E647 /* Info.plist */,
				48D89CF01FAEF1FF0031E647 /* CollectionViewController.swift */,
			);
			path = Demo5;
			sourceTree = "<group>";
		};
/* End PBXGroup section */

/* Begin PBXNativeTarget section */
		48D89CDA1FAEEE6F0031E647 /* Demo5 */ = {
			isa = PBXNativeTarget;
			buildConfigurationList = 48D89CED1FAEEE6F0031E647 /* Build configuration list for PBXNativeTarget "Demo5" */;
			buildPhases = (
				48D89CD71FAEEE6F0031E647 /* Sources */,
				48D89CD81FAEEE6F0031E647 /* Frameworks */,
				48D89CD91FAEEE6F0031E647 /* Resources */,
			);
			buildRules = (
			);
			dependencies = (
			);
			name = Demo5;
			productName = Demo5;
			productReference = 48D89CDB1FAEEE6F0031E647 /* Demo5.app */;
			productType = "com.apple.product-type.application";
		};
/* End PBXNativeTarget section */

/* Begin PBXProject section */
		48D89CD31FAEEE6F0031E647 /* Project object */ = {
			isa = PBXProject;
			attributes = {
				LastSwiftUpdateCheck = 0910;
				LastUpgradeCheck = 0910;
				ORGANIZATIONNAME = "卡塞尔学院";
				TargetAttributes = {
					48D89CDA1FAEEE6F0031E647 = {
						CreatedOnToolsVersion = 9.1;
						ProvisioningStyle = Automatic;
					};
				};
			};
			buildConfigurationList = 48D89CD61FAEEE6F0031E647 /* Build configuration list for PBXProject "Demo5" */;
			compatibilityVersion = "Xcode 8.0";
			developmentRegion = en;
			hasScannedForEncodings = 0;
			knownRegions = (
				en,
				Base,
			);
			mainGroup = 48D89CD21FAEEE6F0031E647;
			productRefGroup = 48D89CDC1FAEEE6F0031E647 /* Products */;
			projectDirPath = "";
			projectRoot = "";
			targets = (
				48D89CDA1FAEEE6F0031E647 /* Demo5 */,
			);
		};
/* End PBXProject section */

/* Begin PBXResourcesBuildPhase section */
		48D89CD91FAEEE6F0031E647 /* Resources */ = {
			isa = PBXResourcesBuildPhase;
			buildActionMask = 2147483647;
			files = (
				48D89CE91FAEEE6F0031E647 /* LaunchScreen.storyboard in Resources */,
				48D89CE61FAEEE6F0031E647 /* Assets.xcassets in Resources */,
				48D89CE41FAEEE6F0031E647 /* Main.storyboard in Resources */,
			);
			runOnlyForDeploymentPostprocessing = 0;
		};
/* End PBXResourcesBuildPhase section */

/* Begin PBXSourcesBuildPhase section */
		48D89CD71FAEEE6F0031E647 /* Sources */ = {
			isa = PBXSourcesBuildPhase;
			buildActionMask = 2147483647;
			files = (
				48D89CF11FAEF1FF0031E647 /* CollectionViewController.swift in Sources */,
				48D89CE11FAEEE6F0031E647 /* ViewController.swift in Sources */,
				48D89CDF1FAEEE6F0031E647 /* AppDelegate.swift in Sources */,
			);
			runOnlyForDeploymentPostprocessing = 0;
		};
/* End PBXSourcesBuildPhase section */

/* Begin PBXVariantGroup section */
		48D89CE21FAEEE6F0031E647 /* Main.storyboard */ = {
			isa = PBXVariantGroup;
			children = (
				48D89CE31FAEEE6F0031E647 /* Base */,
			);
			name = Main.storyboard;
			sourceTree = "<group>";
		};
		48D89CE71FAEEE6F0031E647 /* LaunchScreen.storyboard */ = {
			isa = PBXVariantGroup;
			children = (
				48D89CE81FAEEE6F0031E647 /* Base */,
			);
			name = LaunchScreen.storyboard;
			sourceTree = "<group>";
		};
/* End PBXVariantGroup section */

/* Begin XCBuildConfiguration section */
		48D89CEB1FAEEE6F0031E647 /* Debug */ = {
			isa = XCBuildConfiguration;
			buildSettings = {
				ALWAYS_SEARCH_USER_PATHS = NO;
				CLANG_ANALYZER_NONNULL = YES;
				CLANG_ANALYZER_NUMBER_OBJECT_CONVERSION = YES_AGGRESSIVE;
				CLANG_CXX_LANGUAGE_STANDARD = "gnu++14";
				CLANG_CXX_LIBRARY = "libc++";
				CLANG_ENABLE_MODULES = YES;
				CLANG_ENABLE_OBJC_ARC = YES;
				CLANG_WARN_BLOCK_CAPTURE_AUTORELEASING = YES;
				CLANG_WARN_BOOL_CONVERSION = YES;
				CLANG_WARN_COMMA = YES;
				CLANG_WARN_CONSTANT_CONVERSION = YES;
				CLANG_WARN_DIRECT_OBJC_ISA_USAGE = YES_ERROR;
				CLANG_WARN_DOCUMENTATION_COMMENTS = YES;
				CLANG_WARN_EMPTY_BODY = YES;
				CLANG_WARN_ENUM_CONVERSION = YES;
				CLANG_WARN_INFINITE_RECURSION = YES;
				CLANG_WARN_INT_CONVERSION = YES;
				CLANG_WARN_NON_LITERAL_NULL_CONVERSION = YES;
				CLANG_WARN_OBJC_LITERAL_CONVERSION = YES;
				CLANG_WARN_OBJC_ROOT_CLASS = YES_ERROR;
				CLANG_WARN_RANGE_LOOP_ANALYSIS = YES;
				CLANG_WARN_STRICT_PROTOTYPES = YES;
				CLANG_WARN_SUSPICIOUS_MOVE = YES;
				CLANG_WARN_UNGUARDED_AVAILABILITY = YES_AGGRESSIVE;
				CLANG_WARN_UNREACHABLE_CODE = YES;
				CLANG_WARN__DUPLICATE_METHOD_MATCH = YES;
				CODE_SIGN_IDENTITY = "iPhone Developer";
				COPY_PHASE_STRIP = NO;
				DEBUG_INFORMATION_FORMAT = dwarf;
				ENABLE_STRICT_OBJC_MSGSEND = YES;
				ENABLE_TESTABILITY = YES;
				GCC_C_LANGUAGE_STANDARD = gnu11;
				GCC_DYNAMIC_NO_PIC = NO;
				GCC_NO_COMMON_BLOCKS = YES;
				GCC_OPTIMIZATION_LEVEL = 0;
				GCC_PREPROCESSOR_DEFINITIONS = (
					"DEBUG=1",
					"$(inherited)",
				);
				GCC_WARN_64_TO_32_BIT_CONVERSION = YES;
				GCC_WARN_ABOUT_RETURN_TYPE = YES_ERROR;
				GCC_WARN_UNDECLARED_SELECTOR = YES;
				GCC_WARN_UNINITIALIZED_AUTOS = YES_AGGRESSIVE;
				GCC_WARN_UNUSED_FUNCTION = YES;
				GCC_WARN_UNUSED_VARIABLE = YES;
				IPHONEOS_DEPLOYMENT_TARGET = 11.1;
				MTL_ENABLE_DEBUG_INFO = YES;
				ONLY_ACTIVE_ARCH = YES;
				SDKROOT = iphoneos;
				SWIFT_ACTIVE_COMPILATION_CONDITIONS = DEBUG;
				SWIFT_OPTIMIZATION_LEVEL = "-Onone";
			};
			name = Debug;
		};
		48D89CEC1FAEEE6F0031E647 /* Release */ = {
			isa = XCBuildConfiguration;
			buildSettings = {
				ALWAYS_SEARCH_USER_PATHS = NO;
				CLANG_ANALYZER_NONNULL = YES;
				CLANG_ANALYZER_NUMBER_OBJECT_CONVERSION = YES_AGGRESSIVE;
				CLANG_CXX_LANGUAGE_STANDARD = "gnu++14";
				CLANG_CXX_LIBRARY = "libc++";
				CLANG_ENABLE_MODULES = YES;
				CLANG_ENABLE_OBJC_ARC = YES;
				CLANG_WARN_BLOCK_CAPTURE_AUTORELEASING = YES;
				CLANG_WARN_BOOL_CONVERSION = YES;
				CLANG_WARN_COMMA = YES;
				CLANG_WARN_CONSTANT_CONVERSION = YES;
				CLANG_WARN_DIRECT_OBJC_ISA_USAGE = YES_ERROR;
				CLANG_WARN_DOCUMENTATION_COMMENTS = YES;
				CLANG_WARN_EMPTY_BODY = YES;
				CLANG_WARN_ENUM_CONVERSION = YES;
				CLANG_WARN_INFINITE_RECURSION = YES;
				CLANG_WARN_INT_CONVERSION = YES;
				CLANG_WARN_NON_LITERAL_NULL_CONVERSION = YES;
				CLANG_WARN_OBJC_LITERAL_CONVERSION = YES;
				CLANG_WARN_OBJC_ROOT_CLASS = YES_ERROR;
				CLANG_WARN_RANGE_LOOP_ANALYSIS = YES;
				CLANG_WARN_STRICT_PROTOTYPES = YES;
				CLANG_WARN_SUSPICIOUS_MOVE = YES;
				CLANG_WARN_UNGUARDED_AVAILABILITY = YES_AGGRESSIVE;
				CLANG_WARN_UNREACHABLE_CODE = YES;
				CLANG_WARN__DUPLICATE_METHOD_MATCH = YES;
				CODE_SIGN_IDENTITY = "iPhone Developer";
				COPY_PHASE_STRIP = NO;
				DEBUG_INFORMATION_FORMAT = "dwarf-with-dsym";
				ENABLE_NS_ASSERTIONS = NO;
				ENABLE_STRICT_OBJC_MSGSEND = YES;
				GCC_C_LANGUAGE_STANDARD = gnu11;
				GCC_NO_COMMON_BLOCKS = YES;
				GCC_WARN_64_TO_32_BIT_CONVERSION = YES;
				GCC_WARN_ABOUT_RETURN_TYPE = YES_ERROR;
				GCC_WARN_UNDECLARED_SELECTOR = YES;
				GCC_WARN_UNINITIALIZED_AUTOS = YES_AGGRESSIVE;
				GCC_WARN_UNUSED_FUNCTION = YES;
				GCC_WARN_UNUSED_VARIABLE = YES;
				IPHONEOS_DEPLOYMENT_TARGET = 11.1;
				MTL_ENABLE_DEBUG_INFO = NO;
				SDKROOT = iphoneos;
				SWIFT_OPTIMIZATION_LEVEL = "-Owholemodule";
				VALIDATE_PRODUCT = YES;
			};
			name = Release;
		};
		48D89CEE1FAEEE6F0031E647 /* Debug */ = {
			isa = XCBuildConfiguration;
			buildSettings = {
				ASSETCATALOG_COMPILER_APPICON_NAME = AppIcon;
				CODE_SIGN_STYLE = Automatic;
				DEVELOPMENT_TEAM = R3834ADD8D;
				INFOPLIST_FILE = Demo5/Info.plist;
				LD_RUNPATH_SEARCH_PATHS = "$(inherited) @executable_path/Frameworks";
				PRODUCT_BUNDLE_IDENTIFIER = com.CassellCollege.Demo5;
				PRODUCT_NAME = "$(TARGET_NAME)";
				SWIFT_VERSION = 4.0;
				TARGETED_DEVICE_FAMILY = "1,2";
			};
			name = Debug;
		};
		48D89CEF1FAEEE6F0031E647 /* Release */ = {
			isa = XCBuildConfiguration;
			buildSettings = {
				ASSETCATALOG_COMPILER_APPICON_NAME = AppIcon;
				CODE_SIGN_STYLE = Automatic;
				DEVELOPMENT_TEAM = R3834ADD8D;
				INFOPLIST_FILE = Demo5/Info.plist;
				LD_RUNPATH_SEARCH_PATHS = "$(inherited) @executable_path/Frameworks";
				PRODUCT_BUNDLE_IDENTIFIER = com.CassellCollege.Demo5;
				PRODUCT_NAME = "$(TARGET_NAME)";
				SWIFT_VERSION = 4.0;
				TARGETED_DEVICE_FAMILY = "1,2";
			};
			name = Release;
		};
/* End XCBuildConfiguration section */

/* Begin XCConfigurationList section */
		48D89CD61FAEEE6F0031E647 /* Build configuration list for PBXProject "Demo5" */ = {
			isa = XCConfigurationList;
			buildConfigurations = (
				48D89CEB1FAEEE6F0031E647 /* Debug */,
				48D89CEC1FAEEE6F0031E647 /* Release */,
			);
			defaultConfigurationIsVisible = 0;
			defaultConfigurationName = Release;
		};
		48D89CED1FAEEE6F0031E647 /* Build configuration list for PBXNativeTarget "Demo5" */ = {
			isa = XCConfigurationList;
			buildConfigurations = (
				48D89CEE1FAEEE6F0031E647 /* Debug */,
				48D89CEF1FAEEE6F0031E647 /* Release */,
			);
			defaultConfigurationIsVisible = 0;
			defaultConfigurationName = Release;
		};
/* End XCConfigurationList section */
	};
	rootObject = 48D89CD31FAEEE6F0031E647 /* Project object */;
}
