// !$*UTF8*$!
{
	archiveVersion = 1;
	classes = {
	};
	objectVersion = 48;
	objects = {

/* Begin PBXBuildFile section */
		4871C9011FA054C8006A7136 /* AppDelegate.swift in Sources */ = {isa = PBXBuildFile; fileRef = 4871C9001FA054C8006A7136 /* AppDelegate.swift */; };
		4871C9061FA054C8006A7136 /* Main.storyboard in Resources */ = {isa = PBXBuildFile; fileRef = 4871C9041FA054C8006A7136 /* Main.storyboard */; };
		4871C9081FA054C8006A7136 /* Assets.xcassets in Resources */ = {isa = PBXBuildFile; fileRef = 4871C9071FA054C8006A7136 /* Assets.xcassets */; };
		4871C90B1FA054C8006A7136 /* LaunchScreen.storyboard in Resources */ = {isa = PBXBuildFile; fileRef = 4871C9091FA054C8006A7136 /* LaunchScreen.storyboard */; };
		4871C9131FA05819006A7136 /* TableViewController.swift in Sources */ = {isa = PBXBuildFile; fileRef = 4871C9121FA05819006A7136 /* TableViewController.swift */; };
		4871C9151FA0D0E8006A7136 /* Models.swift in Sources */ = {isa = PBXBuildFile; fileRef = 4871C9141FA0D0E8006A7136 /* Models.swift */; };
		4871C9181FA0E05D006A7136 /* TableViewCell.swift in Sources */ = {isa = PBXBuildFile; fileRef = 4871C9171FA0E05D006A7136 /* TableViewCell.swift */; };
		4871C91A1FA0EB31006A7136 /* InfoTableViewController.swift in Sources */ = {isa = PBXBuildFile; fileRef = 4871C9191FA0EB31006A7136 /* InfoTableViewController.swift */; };
/* End PBXBuildFile section */

/* Begin PBXFileReference section */
		4871C8FD1FA054C7006A7136 /* Demo1.app */ = {isa = PBXFileReference; explicitFileType = wrapper.application; includeInIndex = 0; path = Demo1.app; sourceTree = BUILT_PRODUCTS_DIR; };
		4871C9001FA054C8006A7136 /* AppDelegate.swift */ = {isa = PBXFileReference; lastKnownFileType = sourcecode.swift; path = AppDelegate.swift; sourceTree = "<group>"; };
		4871C9051FA054C8006A7136 /* Base */ = {isa = PBXFileReference; lastKnownFileType = file.storyboard; name = Base; path = Base.lproj/Main.storyboard; sourceTree = "<group>"; };
		4871C9071FA054C8006A7136 /* Assets.xcassets */ = {isa = PBXFileReference; lastKnownFileType = folder.assetcatalog; path = Assets.xcassets; sourceTree = "<group>"; };
		4871C90A1FA054C8006A7136 /* Base */ = {isa = PBXFileReference; lastKnownFileType = file.storyboard; name = Base; path = Base.lproj/LaunchScreen.storyboard; sourceTree = "<group>"; };
		4871C90C1FA054C8006A7136 /* Info.plist */ = {isa = PBXFileReference; lastKnownFileType = text.plist.xml; path = Info.plist; sourceTree = "<group>"; };
		4871C9121FA05819006A7136 /* TableViewController.swift */ = {isa = PBXFileReference; lastKnownFileType = sourcecode.swift; path = TableViewController.swift; sourceTree = "<group>"; };
		4871C9141FA0D0E8006A7136 /* Models.swift */ = {isa = PBXFileReference; lastKnownFileType = sourcecode.swift; path = Models.swift; sourceTree = "<group>"; };
		4871C9171FA0E05D006A7136 /* TableViewCell.swift */ = {isa = PBXFileReference; lastKnownFileType = sourcecode.swift; path = TableViewCell.swift; sourceTree = "<group>"; };
		4871C9191FA0EB31006A7136 /* InfoTableViewController.swift */ = {isa = PBXFileReference; lastKnownFileType = sourcecode.swift; path = InfoTableViewController.swift; sourceTree = "<group>"; };
/* End PBXFileReference section */

/* Begin PBXFrameworksBuildPhase section */
		4871C8FA1FA054C7006A7136 /* Frameworks */ = {
			isa = PBXFrameworksBuildPhase;
			buildActionMask = 2147483647;
			files = (
			);
			runOnlyForDeploymentPostprocessing = 0;
		};
/* End PBXFrameworksBuildPhase section */

/* Begin PBXGroup section */
		4871C8F41FA054C7006A7136 = {
			isa = PBXGroup;
			children = (
				4871C8FF1FA054C7006A7136 /* Demo1 */,
				4871C8FE1FA054C7006A7136 /* Products */,
			);
			sourceTree = "<group>";
		};
		4871C8FE1FA054C7006A7136 /* Products */ = {
			isa = PBXGroup;
			children = (
				4871C8FD1FA054C7006A7136 /* Demo1.app */,
			);
			name = Products;
			sourceTree = "<group>";
		};
		4871C8FF1FA054C7006A7136 /* Demo1 */ = {
			isa = PBXGroup;
			children = (
				4871C9161FA0E042006A7136 /* Cells */,
				4871C9001FA054C8006A7136 /* AppDelegate.swift */,
				4871C9121FA05819006A7136 /* TableViewController.swift */,
				4871C9191FA0EB31006A7136 /* InfoTableViewController.swift */,
				4871C9041FA054C8006A7136 /* Main.storyboard */,
				4871C9071FA054C8006A7136 /* Assets.xcassets */,
				4871C9091FA054C8006A7136 /* LaunchScreen.storyboard */,
				4871C90C1FA054C8006A7136 /* Info.plist */,
				4871C9141FA0D0E8006A7136 /* Models.swift */,
			);
			path = Demo1;
			sourceTree = "<group>";
		};
		4871C9161FA0E042006A7136 /* Cells */ = {
			isa = PBXGroup;
			children = (
				4871C9171FA0E05D006A7136 /* TableViewCell.swift */,
			);
			path = Cells;
			sourceTree = "<group>";
		};
/* End PBXGroup section */

/* Begin PBXNativeTarget section */
		4871C8FC1FA054C7006A7136 /* Demo1 */ = {
			isa = PBXNativeTarget;
			buildConfigurationList = 4871C90F1FA054C8006A7136 /* Build configuration list for PBXNativeTarget "Demo1" */;
			buildPhases = (
				4871C8F91FA054C7006A7136 /* Sources */,
				4871C8FA1FA054C7006A7136 /* Frameworks */,
				4871C8FB1FA054C7006A7136 /* Resources */,
			);
			buildRules = (
			);
			dependencies = (
			);
			name = Demo1;
			productName = Demo1;
			productReference = 4871C8FD1FA054C7006A7136 /* Demo1.app */;
			productType = "com.apple.product-type.application";
		};
/* End PBXNativeTarget section */

/* Begin PBXProject section */
		4871C8F51FA054C7006A7136 /* Project object */ = {
			isa = PBXProject;
			attributes = {
				LastSwiftUpdateCheck = 0900;
				LastUpgradeCheck = 0900;
				ORGANIZATIONNAME = "卡塞尔学院";
				TargetAttributes = {
					4871C8FC1FA054C7006A7136 = {
						CreatedOnToolsVersion = 9.0.1;
						ProvisioningStyle = Automatic;
					};
				};
			};
			buildConfigurationList = 4871C8F81FA054C7006A7136 /* Build configuration list for PBXProject "Demo1" */;
			compatibilityVersion = "Xcode 8.0";
			developmentRegion = en;
			hasScannedForEncodings = 0;
			knownRegions = (
				en,
				Base,
			);
			mainGroup = 4871C8F41FA054C7006A7136;
			productRefGroup = 4871C8FE1FA054C7006A7136 /* Products */;
			projectDirPath = "";
			projectRoot = "";
			targets = (
				4871C8FC1FA054C7006A7136 /* Demo1 */,
			);
		};
/* End PBXProject section */

/* Begin PBXResourcesBuildPhase section */
		4871C8FB1FA054C7006A7136 /* Resources */ = {
			isa = PBXResourcesBuildPhase;
			buildActionMask = 2147483647;
			files = (
				4871C90B1FA054C8006A7136 /* LaunchScreen.storyboard in Resources */,
				4871C9081FA054C8006A7136 /* Assets.xcassets in Resources */,
				4871C9061FA054C8006A7136 /* Main.storyboard in Resources */,
			);
			runOnlyForDeploymentPostprocessing = 0;
		};
/* End PBXResourcesBuildPhase section */

/* Begin PBXSourcesBuildPhase section */
		4871C8F91FA054C7006A7136 /* Sources */ = {
			isa = PBXSourcesBuildPhase;
			buildActionMask = 2147483647;
			files = (
				4871C9181FA0E05D006A7136 /* TableViewCell.swift in Sources */,
				4871C91A1FA0EB31006A7136 /* InfoTableViewController.swift in Sources */,
				4871C9131FA05819006A7136 /* TableViewController.swift in Sources */,
				4871C9011FA054C8006A7136 /* AppDelegate.swift in Sources */,
				4871C9151FA0D0E8006A7136 /* Models.swift in Sources */,
			);
			runOnlyForDeploymentPostprocessing = 0;
		};
/* End PBXSourcesBuildPhase section */

/* Begin PBXVariantGroup section */
		4871C9041FA054C8006A7136 /* Main.storyboard */ = {
			isa = PBXVariantGroup;
			children = (
				4871C9051FA054C8006A7136 /* Base */,
			);
			name = Main.storyboard;
			sourceTree = "<group>";
		};
		4871C9091FA054C8006A7136 /* LaunchScreen.storyboard */ = {
			isa = PBXVariantGroup;
			children = (
				4871C90A1FA054C8006A7136 /* Base */,
			);
			name = LaunchScreen.storyboard;
			sourceTree = "<group>";
		};
/* End PBXVariantGroup section */

/* Begin XCBuildConfiguration section */
		4871C90D1FA054C8006A7136 /* Debug */ = {
			isa = XCBuildConfiguration;
			buildSettings = {
				ALWAYS_SEARCH_USER_PATHS = NO;
				CLANG_ANALYZER_NONNULL = YES;
				CLANG_ANALYZER_NUMBER_OBJECT_CONVERSION = YES_AGGRESSIVE;
				CLANG_CXX_LANGUAGE_STANDARD = "gnu++14";
				CLANG_CXX_LIBRARY = "libc++";
				CLANG_ENABLE_MODULES = YES;
				CLANG_ENABLE_OBJC_ARC = YES;
				CLANG_WARN_BLOCK_CAPTURE_AUTORELEASING = YES;
				CLANG_WARN_BOOL_CONVERSION = YES;
				CLANG_WARN_COMMA = YES;
				CLANG_WARN_CONSTANT_CONVERSION = YES;
				CLANG_WARN_DIRECT_OBJC_ISA_USAGE = YES_ERROR;
				CLANG_WARN_DOCUMENTATION_COMMENTS = YES;
				CLANG_WARN_EMPTY_BODY = YES;
				CLANG_WARN_ENUM_CONVERSION = YES;
				CLANG_WARN_INFINITE_RECURSION = YES;
				CLANG_WARN_INT_CONVERSION = YES;
				CLANG_WARN_NON_LITERAL_NULL_CONVERSION = YES;
				CLANG_WARN_OBJC_LITERAL_CONVERSION = YES;
				CLANG_WARN_OBJC_ROOT_CLASS = YES_ERROR;
				CLANG_WARN_RANGE_LOOP_ANALYSIS = YES;
				CLANG_WARN_STRICT_PROTOTYPES = YES;
				CLANG_WARN_SUSPICIOUS_MOVE = YES;
				CLANG_WARN_UNGUARDED_AVAILABILITY = YES_AGGRESSIVE;
				CLANG_WARN_UNREACHABLE_CODE = YES;
				CLANG_WARN__DUPLICATE_METHOD_MATCH = YES;
				CODE_SIGN_IDENTITY = "iPhone Developer";
				COPY_PHASE_STRIP = NO;
				DEBUG_INFORMATION_FORMAT = dwarf;
				ENABLE_STRICT_OBJC_MSGSEND = YES;
				ENABLE_TESTABILITY = YES;
				GCC_C_LANGUAGE_STANDARD = gnu11;
				GCC_DYNAMIC_NO_PIC = NO;
				GCC_NO_COMMON_BLOCKS = YES;
				GCC_OPTIMIZATION_LEVEL = 0;
				GCC_PREPROCESSOR_DEFINITIONS = (
					"DEBUG=1",
					"$(inherited)",
				);
				GCC_WARN_64_TO_32_BIT_CONVERSION = YES;
				GCC_WARN_ABOUT_RETURN_TYPE = YES_ERROR;
				GCC_WARN_UNDECLARED_SELECTOR = YES;
				GCC_WARN_UNINITIALIZED_AUTOS = YES_AGGRESSIVE;
				GCC_WARN_UNUSED_FUNCTION = YES;
				GCC_WARN_UNUSED_VARIABLE = YES;
				IPHONEOS_DEPLOYMENT_TARGET = 11.0;
				MTL_ENABLE_DEBUG_INFO = YES;
				ONLY_ACTIVE_ARCH = YES;
				SDKROOT = iphoneos;
				SWIFT_ACTIVE_COMPILATION_CONDITIONS = DEBUG;
				SWIFT_OPTIMIZATION_LEVEL = "-Onone";
			};
			name = Debug;
		};
		4871C90E1FA054C8006A7136 /* Release */ = {
			isa = XCBuildConfiguration;
			buildSettings = {
				ALWAYS_SEARCH_USER_PATHS = NO;
				CLANG_ANALYZER_NONNULL = YES;
				CLANG_ANALYZER_NUMBER_OBJECT_CONVERSION = YES_AGGRESSIVE;
				CLANG_CXX_LANGUAGE_STANDARD = "gnu++14";
				CLANG_CXX_LIBRARY = "libc++";
				CLANG_ENABLE_MODULES = YES;
				CLANG_ENABLE_OBJC_ARC = YES;
				CLANG_WARN_BLOCK_CAPTURE_AUTORELEASING = YES;
				CLANG_WARN_BOOL_CONVERSION = YES;
				CLANG_WARN_COMMA = YES;
				CLANG_WARN_CONSTANT_CONVERSION = YES;
				CLANG_WARN_DIRECT_OBJC_ISA_USAGE = YES_ERROR;
				CLANG_WARN_DOCUMENTATION_COMMENTS = YES;
				CLANG_WARN_EMPTY_BODY = YES;
				CLANG_WARN_ENUM_CONVERSION = YES;
				CLANG_WARN_INFINITE_RECURSION = YES;
				CLANG_WARN_INT_CONVERSION = YES;
				CLANG_WARN_NON_LITERAL_NULL_CONVERSION = YES;
				CLANG_WARN_OBJC_LITERAL_CONVERSION = YES;
				CLANG_WARN_OBJC_ROOT_CLASS = YES_ERROR;
				CLANG_WARN_RANGE_LOOP_ANALYSIS = YES;
				CLANG_WARN_STRICT_PROTOTYPES = YES;
				CLANG_WARN_SUSPICIOUS_MOVE = YES;
				CLANG_WARN_UNGUARDED_AVAILABILITY = YES_AGGRESSIVE;
				CLANG_WARN_UNREACHABLE_CODE = YES;
				CLANG_WARN__DUPLICATE_METHOD_MATCH = YES;
				CODE_SIGN_IDENTITY = "iPhone Developer";
				COPY_PHASE_STRIP = NO;
				DEBUG_INFORMATION_FORMAT = "dwarf-with-dsym";
				ENABLE_NS_ASSERTIONS = NO;
				ENABLE_STRICT_OBJC_MSGSEND = YES;
				GCC_C_LANGUAGE_STANDARD = gnu11;
				GCC_NO_COMMON_BLOCKS = YES;
				GCC_WARN_64_TO_32_BIT_CONVERSION = YES;
				GCC_WARN_ABOUT_RETURN_TYPE = YES_ERROR;
				GCC_WARN_UNDECLARED_SELECTOR = YES;
				GCC_WARN_UNINITIALIZED_AUTOS = YES_AGGRESSIVE;
				GCC_WARN_UNUSED_FUNCTION = YES;
				GCC_WARN_UNUSED_VARIABLE = YES;
				IPHONEOS_DEPLOYMENT_TARGET = 11.0;
				MTL_ENABLE_DEBUG_INFO = NO;
				SDKROOT = iphoneos;
				SWIFT_OPTIMIZATION_LEVEL = "-Owholemodule";
				VALIDATE_PRODUCT = YES;
			};
			name = Release;
		};
		4871C9101FA054C8006A7136 /* Debug */ = {
			isa = XCBuildConfiguration;
			buildSettings = {
				ASSETCATALOG_COMPILER_APPICON_NAME = AppIcon;
				CODE_SIGN_STYLE = Automatic;
				DEVELOPMENT_TEAM = R3834ADD8D;
				INFOPLIST_FILE = Demo1/Info.plist;
				LD_RUNPATH_SEARCH_PATHS = "$(inherited) @executable_path/Frameworks";
				PRODUCT_BUNDLE_IDENTIFIER = com.CassellCollege.Demo1;
				PRODUCT_NAME = "$(TARGET_NAME)";
				SWIFT_VERSION = 4.0;
				TARGETED_DEVICE_FAMILY = 1;
			};
			name = Debug;
		};
		4871C9111FA054C8006A7136 /* Release */ = {
			isa = XCBuildConfiguration;
			buildSettings = {
				ASSETCATALOG_COMPILER_APPICON_NAME = AppIcon;
				CODE_SIGN_STYLE = Automatic;
				DEVELOPMENT_TEAM = R3834ADD8D;
				INFOPLIST_FILE = Demo1/Info.plist;
				LD_RUNPATH_SEARCH_PATHS = "$(inherited) @executable_path/Frameworks";
				PRODUCT_BUNDLE_IDENTIFIER = com.CassellCollege.Demo1;
				PRODUCT_NAME = "$(TARGET_NAME)";
				SWIFT_VERSION = 4.0;
				TARGETED_DEVICE_FAMILY = 1;
			};
			name = Release;
		};
/* End XCBuildConfiguration section */

/* Begin XCConfigurationList section */
		4871C8F81FA054C7006A7136 /* Build configuration list for PBXProject "Demo1" */ = {
			isa = XCConfigurationList;
			buildConfigurations = (
				4871C90D1FA054C8006A7136 /* Debug */,
				4871C90E1FA054C8006A7136 /* Release */,
			);
			defaultConfigurationIsVisible = 0;
			defaultConfigurationName = Release;
		};
		4871C90F1FA054C8006A7136 /* Build configuration list for PBXNativeTarget "Demo1" */ = {
			isa = XCConfigurationList;
			buildConfigurations = (
				4871C9101FA054C8006A7136 /* Debug */,
				4871C9111FA054C8006A7136 /* Release */,
			);
			defaultConfigurationIsVisible = 0;
			defaultConfigurationName = Release;
		};
/* End XCConfigurationList section */
	};
	rootObject = 4871C8F51FA054C7006A7136 /* Project object */;
}
